
Microsoft Visual Studio Solution File, Format Version 12.00
# Visual Studio 15
VisualStudioVersion = 15.0.26430.16
MinimumVisualStudioVersion = 10.0.40219.1
Project("{9A19103F-16F7-4668-BE54-9A1E7A4F7556}") = "Messages", "src\Messages\Messages.csproj", "{26BE19AB-5543-4B3B-A848-A85335D5B1ED}"
EndProject
Project("{2150E333-8FDC-42A3-9474-1A3956D46DE8}") = "src", "src", "{09495DED-BC9A-4CF5-831A-AAD78808358D}"
EndProject
Project("{9A19103F-16F7-4668-BE54-9A1E7A4F7556}") = "Producer", "src\Producer\Producer.csproj", "{F1336B94-9F85-44FD-8F51-9A61B3B17A9F}"
EndProject
Project("{9A19103F-16F7-4668-BE54-9A1E7A4F7556}") = "Bus", "src\Bus\Bus.csproj", "{8B08110D-9EAD-4E41-B820-8A7856282673}"
EndProject
Project("{9A19103F-16F7-4668-BE54-9A1E7A4F7556}") = "Consumer", "src\Consumer\Consumer.csproj", "{9105F90A-19D0-4E6D-B923-B78516B5F611}"
EndProject
Project("{FAE04EC0-301F-11D3-BF4B-00C04F79EFBC}") = "Consumer2", "Consumer2\Consumer2.csproj", "{3C86D2C3-46F5-4E39-85F4-5075A346BD6B}"
EndProject
Global
	GlobalSection(SolutionConfigurationPlatforms) = preSolution
		Debug|Any CPU = Debug|Any CPU
		Release|Any CPU = Release|Any CPU
	EndGlobalSection
	GlobalSection(ProjectConfigurationPlatforms) = postSolution
		{26BE19AB-5543-4B3B-A848-A85335D5B1ED}.Debug|Any CPU.ActiveCfg = Debug|Any CPU
		{26BE19AB-5543-4B3B-A848-A85335D5B1ED}.Debug|Any CPU.Build.0 = Debug|Any CPU
		{26BE19AB-5543-4B3B-A848-A85335D5B1ED}.Release|Any CPU.ActiveCfg = Release|Any CPU
		{26BE19AB-5543-4B3B-A848-A85335D5B1ED}.Release|Any CPU.Build.0 = Release|Any CPU
		{F1336B94-9F85-44FD-8F51-9A61B3B17A9F}.Debug|Any CPU.ActiveCfg = Debug|Any CPU
		{F1336B94-9F85-44FD-8F51-9A61B3B17A9F}.Debug|Any CPU.Build.0 = Debug|Any CPU
		{F1336B94-9F85-44FD-8F51-9A61B3B17A9F}.Release|Any CPU.ActiveCfg = Release|Any CPU
		{F1336B94-9F85-44FD-8F51-9A61B3B17A9F}.Release|Any CPU.Build.0 = Release|Any CPU
		{8B08110D-9EAD-4E41-B820-8A7856282673}.Debug|Any CPU.ActiveCfg = Debug|Any CPU
		{8B08110D-9EAD-4E41-B820-8A7856282673}.Debug|Any CPU.Build.0 = Debug|Any CPU
		{8B08110D-9EAD-4E41-B820-8A7856282673}.Release|Any CPU.ActiveCfg = Release|Any CPU
		{8B08110D-9EAD-4E41-B820-8A7856282673}.Release|Any CPU.Build.0 = Release|Any CPU
		{9105F90A-19D0-4E6D-B923-B78516B5F611}.Debug|Any CPU.ActiveCfg = Debug|Any CPU
		{9105F90A-19D0-4E6D-B923-B78516B5F611}.Debug|Any CPU.Build.0 = Debug|Any CPU
		{9105F90A-19D0-4E6D-B923-B78516B5F611}.Release|Any CPU.ActiveCfg = Release|Any CPU
		{9105F90A-19D0-4E6D-B923-B78516B5F611}.Release|Any CPU.Build.0 = Release|Any CPU
		{3C86D2C3-46F5-4E39-85F4-5075A346BD6B}.Debug|Any CPU.ActiveCfg = Debug|Any CPU
		{3C86D2C3-46F5-4E39-85F4-5075A346BD6B}.Debug|Any CPU.Build.0 = Debug|Any CPU
		{3C86D2C3-46F5-4E39-85F4-5075A346BD6B}.Release|Any CPU.ActiveCfg = Release|Any CPU
		{3C86D2C3-46F5-4E39-85F4-5075A346BD6B}.Release|Any CPU.Build.0 = Release|Any CPU
	EndGlobalSection
	GlobalSection(SolutionProperties) = preSolution
		HideSolutionNode = FALSE
	EndGlobalSection
	GlobalSection(NestedProjects) = preSolution
		{26BE19AB-5543-4B3B-A848-A85335D5B1ED} = {09495DED-BC9A-4CF5-831A-AAD78808358D}
		{F1336B94-9F85-44FD-8F51-9A61B3B17A9F} = {09495DED-BC9A-4CF5-831A-AAD78808358D}
		{8B08110D-9EAD-4E41-B820-8A7856282673} = {09495DED-BC9A-4CF5-831A-AAD78808358D}
		{9105F90A-19D0-4E6D-B923-B78516B5F611} = {09495DED-BC9A-4CF5-831A-AAD78808358D}
		{3C86D2C3-46F5-4E39-85F4-5075A346BD6B} = {09495DED-BC9A-4CF5-831A-AAD78808358D}
	EndGlobalSection
EndGlobal
